
Microsoft Visual Studio Solution File, Format Version 12.00
# Visual Studio Version 17
VisualStudioVersion = 17.5.33209.295
MinimumVisualStudioVersion = 10.0.40219.1
Project("{FAE04EC0-301F-11D3-BF4B-00C04F79EFBC}") = "Grpc.Greeter", "GrpcGreeter\Grpc.Greeter.csproj", "{392EDFD1-E233-4192-9EE9-FE4B8DB0907B}"
EndProject
Project("{FAE04EC0-301F-11D3-BF4B-00C04F79EFBC}") = "Grpc.Greeter.Client", "Grpc.GreeterClient\Grpc.Greeter.Client.csproj", "{1FFA2713-AC78-463A-9D75-09C800ECE492}"
EndProject
Global
	GlobalSection(SolutionConfigurationPlatforms) = preSolution
		Debug|Any CPU = Debug|Any CPU
		Release|Any CPU = Release|Any CPU
	EndGlobalSection
	GlobalSection(ProjectConfigurationPlatforms) = postSolution
		{392EDFD1-E233-4192-9EE9-FE4B8DB0907B}.Debug|Any CPU.ActiveCfg = Debug|Any CPU
		{392EDFD1-E233-4192-9EE9-FE4B8DB0907B}.Debug|Any CPU.Build.0 = Debug|Any CPU
		{392EDFD1-E233-4192-9EE9-FE4B8DB0907B}.Release|Any CPU.ActiveCfg = Release|Any CPU
		{392EDFD1-E233-4192-9EE9-FE4B8DB0907B}.Release|Any CPU.Build.0 = Release|Any CPU
		{1FFA2713-AC78-463A-9D75-09C800ECE492}.Debug|Any CPU.ActiveCfg = Debug|Any CPU
		{1FFA2713-AC78-463A-9D75-09C800ECE492}.Debug|Any CPU.Build.0 = Debug|Any CPU
		{1FFA2713-AC78-463A-9D75-09C800ECE492}.Release|Any CPU.ActiveCfg = Release|Any CPU
		{1FFA2713-AC78-463A-9D75-09C800ECE492}.Release|Any CPU.Build.0 = Release|Any CPU
	EndGlobalSection
	GlobalSection(SolutionProperties) = preSolution
		HideSolutionNode = FALSE
	EndGlobalSection
	GlobalSection(ExtensibilityGlobals) = postSolution
		SolutionGuid = {8050675B-EF58-461E-BB35-5F881807BA6F}
	EndGlobalSection
EndGlobal
