
Microsoft Visual Studio Solution File, Format Version 12.00
# Visual Studio Version 17
VisualStudioVersion = 17.3.32611.2
MinimumVisualStudioVersion = 10.0.40219.1
Project("{9A19103F-16F7-4668-BE54-9A1E7A4F7556}") = "webjob", "webjob.csproj", "{3DB4C058-93B9-4BDF-B14B-8C11D7D74FB0}"
EndProject
Global
	GlobalSection(SolutionConfigurationPlatforms) = preSolution
		Debug|Any CPU = Debug|Any CPU
		Release|Any CPU = Release|Any CPU
	EndGlobalSection
	GlobalSection(ProjectConfigurationPlatforms) = postSolution
		{3DB4C058-93B9-4BDF-B14B-8C11D7D74FB0}.Debug|Any CPU.ActiveCfg = Debug|Any CPU
		{3DB4C058-93B9-4BDF-B14B-8C11D7D74FB0}.Debug|Any CPU.Build.0 = Debug|Any CPU
		{3DB4C058-93B9-4BDF-B14B-8C11D7D74FB0}.Release|Any CPU.ActiveCfg = Release|Any CPU
		{3DB4C058-93B9-4BDF-B14B-8C11D7D74FB0}.Release|Any CPU.Build.0 = Release|Any CPU
	EndGlobalSection
	GlobalSection(SolutionProperties) = preSolution
		HideSolutionNode = FALSE
	EndGlobalSection
	GlobalSection(ExtensibilityGlobals) = postSolution
		SolutionGuid = {FB956D8B-AF95-491F-9FEB-FD1929C8D285}
	EndGlobalSection
EndGlobal
